
Microsoft Visual Studio Solution File, Format Version 12.00
# Visual Studio 2015
Project("{FAE04EC0-301F-11D3-BF4B-00C04F79EFBC}") = "Avaruus", "Avaruus.csproj", "{BBB7DCAE-6B4F-660A-9269-927857066A83}"
EndProject
Project("{FAE04EC0-301F-11D3-BF4B-00C04F79EFBC}") = "Avaruus.Editor", "Avaruus.Editor.csproj", "{434A87A5-B53E-0F3C-7B63-4D7A468EDC2C}"
EndProject
Global
	GlobalSection(SolutionConfigurationPlatforms) = preSolution
		Debug|Any CPU = Debug|Any CPU
		Release|Any CPU = Release|Any CPU
	EndGlobalSection
	GlobalSection(ProjectConfigurationPlatforms) = postSolution
		{BBB7DCAE-6B4F-660A-9269-927857066A83}.Debug|Any CPU.ActiveCfg = Debug|Any CPU
		{BBB7DCAE-6B4F-660A-9269-927857066A83}.Debug|Any CPU.Build.0 = Debug|Any CPU
		{BBB7DCAE-6B4F-660A-9269-927857066A83}.Release|Any CPU.ActiveCfg = Release|Any CPU
		{BBB7DCAE-6B4F-660A-9269-927857066A83}.Release|Any CPU.Build.0 = Release|Any CPU
		{434A87A5-B53E-0F3C-7B63-4D7A468EDC2C}.Debug|Any CPU.ActiveCfg = Debug|Any CPU
		{434A87A5-B53E-0F3C-7B63-4D7A468EDC2C}.Debug|Any CPU.Build.0 = Debug|Any CPU
		{434A87A5-B53E-0F3C-7B63-4D7A468EDC2C}.Release|Any CPU.ActiveCfg = Release|Any CPU
		{434A87A5-B53E-0F3C-7B63-4D7A468EDC2C}.Release|Any CPU.Build.0 = Release|Any CPU
	EndGlobalSection
	GlobalSection(SolutionProperties) = preSolution
		HideSolutionNode = FALSE
	EndGlobalSection
EndGlobal
